
Microsoft Visual Studio Solution File, Format Version 12.00
# Visual Studio Version 16
VisualStudioVersion = 16.0.31624.102
MinimumVisualStudioVersion = 10.0.40219.1
Project("{FAE04EC0-301F-11D3-BF4B-00C04F79EFBC}") = "Xem_Ngay", "Xem_Ngay\Xem_Ngay.csproj", "{2DFB67CA-853A-4D5A-AE2C-2FCC89660C49}"
EndProject
Global
	GlobalSection(SolutionConfigurationPlatforms) = preSolution
		Debug|Any CPU = Debug|Any CPU
		Release|Any CPU = Release|Any CPU
	EndGlobalSection
	GlobalSection(ProjectConfigurationPlatforms) = postSolution
		{2DFB67CA-853A-4D5A-AE2C-2FCC89660C49}.Debug|Any CPU.ActiveCfg = Debug|Any CPU
		{2DFB67CA-853A-4D5A-AE2C-2FCC89660C49}.Debug|Any CPU.Build.0 = Debug|Any CPU
		{2DFB67CA-853A-4D5A-AE2C-2FCC89660C49}.Release|Any CPU.ActiveCfg = Release|Any CPU
		{2DFB67CA-853A-4D5A-AE2C-2FCC89660C49}.Release|Any CPU.Build.0 = Release|Any CPU
	EndGlobalSection
	GlobalSection(SolutionProperties) = preSolution
		HideSolutionNode = FALSE
	EndGlobalSection
	GlobalSection(ExtensibilityGlobals) = postSolution
		SolutionGuid = {C847EA23-2B9D-4D73-8B9F-A1561EBA3A12}
	EndGlobalSection
EndGlobal
